{
  "name": "redmineTaskAlertChromeExtension",
  "lockfileVersion": 2,
  "requires": true,
  "packages": {
    "": {
      "dependencies": {
        "posthog-js": "^1.34.0"
      },
      "devDependencies": {
        "@types/chrome": "^0.0.196"
      }
    },
    "node_modules/@sentry/types": {
      "version": "7.17.4",
      "resolved": "https://registry.npmjs.org/@sentry/types/-/types-7.17.4.tgz",
      "integrity": "sha512-QJj8vO4AtxuzQfJIzDnECSmoxwnS+WJsm1Ta2Cwdy+TUCBJyWpW7aIJJGta76zb9gNPGb3UcAbeEjhMJBJeRMQ==",
      "engines": {
        "node": ">=8"
      }
    },
    "node_modules/@types/chrome": {
      "version": "0.0.196",
      "resolved": "https://registry.npmjs.org/@types/chrome/-/chrome-0.0.196.tgz",
      "integrity": "sha512-LAjGIQYC0wyiYu6lVT03dBrHBfYTMsM8EmNfQ+UdZipGZe8OUiir6weoa9oQoBw3T3RLzBCp9m904T+rFtpPAg==",
      "dev": true,
      "dependencies": {
        "@types/filesystem": "*",
        "@types/har-format": "*"
      }
    },
    "node_modules/@types/filesystem": {
      "version": "0.0.32",
      "resolved": "https://registry.npmjs.org/@types/filesystem/-/filesystem-0.0.32.tgz",
      "integrity": "sha512-Yuf4jR5YYMR2DVgwuCiP11s0xuVRyPKmz8vo6HBY3CGdeMj8af93CFZX+T82+VD1+UqHOxTq31lO7MI7lepBtQ==",
      "dev": true,
      "dependencies": {
        "@types/filewriter": "*"
      }
    },
    "node_modules/@types/filewriter": {
      "version": "0.0.29",
      "resolved": "https://registry.npmjs.org/@types/filewriter/-/filewriter-0.0.29.tgz",
      "integrity": "sha512-BsPXH/irW0ht0Ji6iw/jJaK8Lj3FJemon2gvEqHKpCdDCeemHa+rI3WBGq5z7cDMZgoLjY40oninGxqk+8NzNQ==",
      "dev": true
    },
    "node_modules/@types/har-format": {
      "version": "1.2.8",
      "resolved": "https://registry.npmjs.org/@types/har-format/-/har-format-1.2.8.tgz",
      "integrity": "sha512-OP6L9VuZNdskgNN3zFQQ54ceYD8OLq5IbqO4VK91ORLfOm7WdT/CiT/pHEBSQEqCInJ2y3O6iCm/zGtPElpgJQ==",
      "dev": true
    },
    "node_modules/fflate": {
      "version": "0.4.8",
      "resolved": "https://registry.npmjs.org/fflate/-/fflate-0.4.8.tgz",
      "integrity": "sha512-FJqqoDBR00Mdj9ppamLa/Y7vxm+PRmNWA67N846RvsoYVMKB4q3y/de5PA7gUmRMYK/8CMz2GDZQmCRN1wBcWA=="
    },
    "node_modules/posthog-js": {
      "version": "1.34.0",
      "resolved": "https://registry.npmjs.org/posthog-js/-/posthog-js-1.34.0.tgz",
      "integrity": "sha512-HkRwwzdz31N5ykQIO3SIkSS8nwhdqqnuDZ/qltitX4FhxrV9/tSRavEXz0YLvioOXeNVmQWtsN3krKajErwkwg==",
      "dependencies": {
        "@sentry/types": "^7.2.0",
        "fflate": "^0.4.1",
        "rrweb-snapshot": "^1.1.14"
      }
    },
    "node_modules/rrweb-snapshot": {
      "version": "1.1.14",
      "resolved": "https://registry.npmjs.org/rrweb-snapshot/-/rrweb-snapshot-1.1.14.tgz",
      "integrity": "sha512-eP5pirNjP5+GewQfcOQY4uBiDnpqxNRc65yKPW0eSoU1XamDfc4M8oqpXGMyUyvLyxFDB0q0+DChuxxiU2FXBQ=="
    }
  },
  "dependencies": {
    "@sentry/types": {
      "version": "7.17.4",
      "resolved": "https://registry.npmjs.org/@sentry/types/-/types-7.17.4.tgz",
      "integrity": "sha512-QJj8vO4AtxuzQfJIzDnECSmoxwnS+WJsm1Ta2Cwdy+TUCBJyWpW7aIJJGta76zb9gNPGb3UcAbeEjhMJBJeRMQ=="
    },
    "@types/chrome": {
      "version": "0.0.196",
      "resolved": "https://registry.npmjs.org/@types/chrome/-/chrome-0.0.196.tgz",
      "integrity": "sha512-LAjGIQYC0wyiYu6lVT03dBrHBfYTMsM8EmNfQ+UdZipGZe8OUiir6weoa9oQoBw3T3RLzBCp9m904T+rFtpPAg==",
      "dev": true,
      "requires": {
        "@types/filesystem": "*",
        "@types/har-format": "*"
      }
    },
    "@types/filesystem": {
      "version": "0.0.32",
      "resolved": "https://registry.npmjs.org/@types/filesystem/-/filesystem-0.0.32.tgz",
      "integrity": "sha512-Yuf4jR5YYMR2DVgwuCiP11s0xuVRyPKmz8vo6HBY3CGdeMj8af93CFZX+T82+VD1+UqHOxTq31lO7MI7lepBtQ==",
      "dev": true,
      "requires": {
        "@types/filewriter": "*"
      }
    },
    "@types/filewriter": {
      "version": "0.0.29",
      "resolved": "https://registry.npmjs.org/@types/filewriter/-/filewriter-0.0.29.tgz",
      "integrity": "sha512-BsPXH/irW0ht0Ji6iw/jJaK8Lj3FJemon2gvEqHKpCdDCeemHa+rI3WBGq5z7cDMZgoLjY40oninGxqk+8NzNQ==",
      "dev": true
    },
    "@types/har-format": {
      "version": "1.2.8",
      "resolved": "https://registry.npmjs.org/@types/har-format/-/har-format-1.2.8.tgz",
      "integrity": "sha512-OP6L9VuZNdskgNN3zFQQ54ceYD8OLq5IbqO4VK91ORLfOm7WdT/CiT/pHEBSQEqCInJ2y3O6iCm/zGtPElpgJQ==",
      "dev": true
    },
    "fflate": {
      "version": "0.4.8",
      "resolved": "https://registry.npmjs.org/fflate/-/fflate-0.4.8.tgz",
      "integrity": "sha512-FJqqoDBR00Mdj9ppamLa/Y7vxm+PRmNWA67N846RvsoYVMKB4q3y/de5PA7gUmRMYK/8CMz2GDZQmCRN1wBcWA=="
    },
    "posthog-js": {
      "version": "1.34.0",
      "resolved": "https://registry.npmjs.org/posthog-js/-/posthog-js-1.34.0.tgz",
      "integrity": "sha512-HkRwwzdz31N5ykQIO3SIkSS8nwhdqqnuDZ/qltitX4FhxrV9/tSRavEXz0YLvioOXeNVmQWtsN3krKajErwkwg==",
      "requires": {
        "@sentry/types": "^7.2.0",
        "fflate": "^0.4.1",
        "rrweb-snapshot": "^1.1.14"
      }
    },
    "rrweb-snapshot": {
      "version": "1.1.14",
      "resolved": "https://registry.npmjs.org/rrweb-snapshot/-/rrweb-snapshot-1.1.14.tgz",
      "integrity": "sha512-eP5pirNjP5+GewQfcOQY4uBiDnpqxNRc65yKPW0eSoU1XamDfc4M8oqpXGMyUyvLyxFDB0q0+DChuxxiU2FXBQ=="
    }
  }
}
